
Microsoft Visual Studio Solution File, Format Version 12.00
# Visual Studio Version 17
VisualStudioVersion = 17.5.33530.505
MinimumVisualStudioVersion = 10.0.40219.1
Project("{FAE04EC0-301F-11D3-BF4B-00C04F79EFBC}") = "Kanini_Workspace", "Kanini_Workspace\Kanini_Workspace.csproj", "{73EBE864-28CA-4A22-A3DB-744571DA06C2}"
EndProject
Global
	GlobalSection(SolutionConfigurationPlatforms) = preSolution
		Debug|Any CPU = Debug|Any CPU
		Release|Any CPU = Release|Any CPU
	EndGlobalSection
	GlobalSection(ProjectConfigurationPlatforms) = postSolution
		{73EBE864-28CA-4A22-A3DB-744571DA06C2}.Debug|Any CPU.ActiveCfg = Debug|Any CPU
		{73EBE864-28CA-4A22-A3DB-744571DA06C2}.Debug|Any CPU.Build.0 = Debug|Any CPU
		{73EBE864-28CA-4A22-A3DB-744571DA06C2}.Release|Any CPU.ActiveCfg = Release|Any CPU
		{73EBE864-28CA-4A22-A3DB-744571DA06C2}.Release|Any CPU.Build.0 = Release|Any CPU
	EndGlobalSection
	GlobalSection(SolutionProperties) = preSolution
		HideSolutionNode = FALSE
	EndGlobalSection
	GlobalSection(ExtensibilityGlobals) = postSolution
		SolutionGuid = {A10A2EBC-B0CB-4D0D-9740-CF99CCF9DE8A}
	EndGlobalSection
EndGlobal
