
Microsoft Visual Studio Solution File, Format Version 12.00
# Visual Studio Version 17
VisualStudioVersion = 17.4.33213.308
MinimumVisualStudioVersion = 10.0.40219.1
Project("{9A19103F-16F7-4668-BE54-9A1E7A4F7556}") = "Inheritance", "Inheritance\Inheritance.csproj", "{AF19C0C7-D28F-4F78-8115-E77F8D63E772}"
EndProject
Project("{9A19103F-16F7-4668-BE54-9A1E7A4F7556}") = "Overiding", "Overiding\Overiding.csproj", "{8E3E5601-E966-4CDA-90AF-F31498888CBB}"
EndProject
Project("{FAE04EC0-301F-11D3-BF4B-00C04F79EFBC}") = "Private", "Private\Private.csproj", "{F6E721CB-7495-4FC8-9FF4-BB59E962EDD9}"
EndProject
Project("{FAE04EC0-301F-11D3-BF4B-00C04F79EFBC}") = "Customer_Inheritance", "Customer_Inheritance\Customer_Inheritance.csproj", "{FC158DE5-8BBB-4191-8794-EDBC2280B200}"
EndProject
Global
	GlobalSection(SolutionConfigurationPlatforms) = preSolution
		Debug|Any CPU = Debug|Any CPU
		Release|Any CPU = Release|Any CPU
	EndGlobalSection
	GlobalSection(ProjectConfigurationPlatforms) = postSolution
		{AF19C0C7-D28F-4F78-8115-E77F8D63E772}.Debug|Any CPU.ActiveCfg = Debug|Any CPU
		{AF19C0C7-D28F-4F78-8115-E77F8D63E772}.Debug|Any CPU.Build.0 = Debug|Any CPU
		{AF19C0C7-D28F-4F78-8115-E77F8D63E772}.Release|Any CPU.ActiveCfg = Release|Any CPU
		{AF19C0C7-D28F-4F78-8115-E77F8D63E772}.Release|Any CPU.Build.0 = Release|Any CPU
		{8E3E5601-E966-4CDA-90AF-F31498888CBB}.Debug|Any CPU.ActiveCfg = Debug|Any CPU
		{8E3E5601-E966-4CDA-90AF-F31498888CBB}.Debug|Any CPU.Build.0 = Debug|Any CPU
		{8E3E5601-E966-4CDA-90AF-F31498888CBB}.Release|Any CPU.ActiveCfg = Release|Any CPU
		{8E3E5601-E966-4CDA-90AF-F31498888CBB}.Release|Any CPU.Build.0 = Release|Any CPU
		{F6E721CB-7495-4FC8-9FF4-BB59E962EDD9}.Debug|Any CPU.ActiveCfg = Debug|Any CPU
		{F6E721CB-7495-4FC8-9FF4-BB59E962EDD9}.Debug|Any CPU.Build.0 = Debug|Any CPU
		{F6E721CB-7495-4FC8-9FF4-BB59E962EDD9}.Release|Any CPU.ActiveCfg = Release|Any CPU
		{F6E721CB-7495-4FC8-9FF4-BB59E962EDD9}.Release|Any CPU.Build.0 = Release|Any CPU
		{FC158DE5-8BBB-4191-8794-EDBC2280B200}.Debug|Any CPU.ActiveCfg = Debug|Any CPU
		{FC158DE5-8BBB-4191-8794-EDBC2280B200}.Debug|Any CPU.Build.0 = Debug|Any CPU
		{FC158DE5-8BBB-4191-8794-EDBC2280B200}.Release|Any CPU.ActiveCfg = Release|Any CPU
		{FC158DE5-8BBB-4191-8794-EDBC2280B200}.Release|Any CPU.Build.0 = Release|Any CPU
	EndGlobalSection
	GlobalSection(SolutionProperties) = preSolution
		HideSolutionNode = FALSE
	EndGlobalSection
	GlobalSection(ExtensibilityGlobals) = postSolution
		SolutionGuid = {01719E20-19AA-4D6E-965C-2B555D0123AE}
	EndGlobalSection
EndGlobal
