
Microsoft Visual Studio Solution File, Format Version 12.00
# Visual Studio Version 17
VisualStudioVersion = 17.4.33213.308
MinimumVisualStudioVersion = 10.0.40219.1
Project("{9A19103F-16F7-4668-BE54-9A1E7A4F7556}") = "Assembly", "Assembly\Assembly.csproj", "{11DFA8FE-584A-480B-828E-04BB935F5246}"
EndProject
Project("{9A19103F-16F7-4668-BE54-9A1E7A4F7556}") = "Asslink", "Asslink\Asslink.csproj", "{17521969-8F51-4FB5-B0EB-9BF64453B5AF}"
EndProject
Project("{9A19103F-16F7-4668-BE54-9A1E7A4F7556}") = "classpgm", "classpgm\classpgm.csproj", "{439909DC-287B-447A-81EF-4DF101FB887E}"
EndProject
Project("{FAE04EC0-301F-11D3-BF4B-00C04F79EFBC}") = "Constructor", "Constructor\Constructor.csproj", "{A0B8CFA1-1284-4D81-AA5F-4F6404144BDD}"
EndProject
Global
	GlobalSection(SolutionConfigurationPlatforms) = preSolution
		Debug|Any CPU = Debug|Any CPU
		Release|Any CPU = Release|Any CPU
	EndGlobalSection
	GlobalSection(ProjectConfigurationPlatforms) = postSolution
		{11DFA8FE-584A-480B-828E-04BB935F5246}.Debug|Any CPU.ActiveCfg = Debug|Any CPU
		{11DFA8FE-584A-480B-828E-04BB935F5246}.Debug|Any CPU.Build.0 = Debug|Any CPU
		{11DFA8FE-584A-480B-828E-04BB935F5246}.Release|Any CPU.ActiveCfg = Release|Any CPU
		{11DFA8FE-584A-480B-828E-04BB935F5246}.Release|Any CPU.Build.0 = Release|Any CPU
		{17521969-8F51-4FB5-B0EB-9BF64453B5AF}.Debug|Any CPU.ActiveCfg = Debug|Any CPU
		{17521969-8F51-4FB5-B0EB-9BF64453B5AF}.Debug|Any CPU.Build.0 = Debug|Any CPU
		{17521969-8F51-4FB5-B0EB-9BF64453B5AF}.Release|Any CPU.ActiveCfg = Release|Any CPU
		{17521969-8F51-4FB5-B0EB-9BF64453B5AF}.Release|Any CPU.Build.0 = Release|Any CPU
		{439909DC-287B-447A-81EF-4DF101FB887E}.Debug|Any CPU.ActiveCfg = Debug|Any CPU
		{439909DC-287B-447A-81EF-4DF101FB887E}.Debug|Any CPU.Build.0 = Debug|Any CPU
		{439909DC-287B-447A-81EF-4DF101FB887E}.Release|Any CPU.ActiveCfg = Release|Any CPU
		{439909DC-287B-447A-81EF-4DF101FB887E}.Release|Any CPU.Build.0 = Release|Any CPU
		{A0B8CFA1-1284-4D81-AA5F-4F6404144BDD}.Debug|Any CPU.ActiveCfg = Debug|Any CPU
		{A0B8CFA1-1284-4D81-AA5F-4F6404144BDD}.Debug|Any CPU.Build.0 = Debug|Any CPU
		{A0B8CFA1-1284-4D81-AA5F-4F6404144BDD}.Release|Any CPU.ActiveCfg = Release|Any CPU
		{A0B8CFA1-1284-4D81-AA5F-4F6404144BDD}.Release|Any CPU.Build.0 = Release|Any CPU
	EndGlobalSection
	GlobalSection(SolutionProperties) = preSolution
		HideSolutionNode = FALSE
	EndGlobalSection
	GlobalSection(ExtensibilityGlobals) = postSolution
		SolutionGuid = {C8169601-4118-450A-84A6-A643B9FCC72D}
	EndGlobalSection
EndGlobal
