
Microsoft Visual Studio Solution File, Format Version 12.00
# Visual Studio Version 17
VisualStudioVersion = 17.4.33213.308
MinimumVisualStudioVersion = 10.0.40219.1
Project("{FAE04EC0-301F-11D3-BF4B-00C04F79EFBC}") = "Assignment3", "Assignment3\Assignment3.csproj", "{E4431CEB-796F-46A5-B9BE-846C61869F30}"
EndProject
Project("{FAE04EC0-301F-11D3-BF4B-00C04F79EFBC}") = "ReverseNumber", "ReverseNumber\ReverseNumber.csproj", "{FFC23A74-7863-4BED-B8CF-623D16D47962}"
EndProject
Project("{FAE04EC0-301F-11D3-BF4B-00C04F79EFBC}") = "Fibonacci", "Fibonacci\Fibonacci.csproj", "{611D56E3-2311-479A-925C-4F1A488314A5}"
EndProject
Project("{FAE04EC0-301F-11D3-BF4B-00C04F79EFBC}") = "Swap", "Swap\Swap.csproj", "{10C612E2-F723-4707-B657-C03D88751722}"
EndProject
Project("{FAE04EC0-301F-11D3-BF4B-00C04F79EFBC}") = "Pyramid", "Pyramid\Pyramid.csproj", "{100445ED-3D45-46DF-9478-46FD174AC33A}"
EndProject
Global
	GlobalSection(SolutionConfigurationPlatforms) = preSolution
		Debug|Any CPU = Debug|Any CPU
		Release|Any CPU = Release|Any CPU
	EndGlobalSection
	GlobalSection(ProjectConfigurationPlatforms) = postSolution
		{E4431CEB-796F-46A5-B9BE-846C61869F30}.Debug|Any CPU.ActiveCfg = Debug|Any CPU
		{E4431CEB-796F-46A5-B9BE-846C61869F30}.Debug|Any CPU.Build.0 = Debug|Any CPU
		{E4431CEB-796F-46A5-B9BE-846C61869F30}.Release|Any CPU.ActiveCfg = Release|Any CPU
		{E4431CEB-796F-46A5-B9BE-846C61869F30}.Release|Any CPU.Build.0 = Release|Any CPU
		{FFC23A74-7863-4BED-B8CF-623D16D47962}.Debug|Any CPU.ActiveCfg = Debug|Any CPU
		{FFC23A74-7863-4BED-B8CF-623D16D47962}.Debug|Any CPU.Build.0 = Debug|Any CPU
		{FFC23A74-7863-4BED-B8CF-623D16D47962}.Release|Any CPU.ActiveCfg = Release|Any CPU
		{FFC23A74-7863-4BED-B8CF-623D16D47962}.Release|Any CPU.Build.0 = Release|Any CPU
		{611D56E3-2311-479A-925C-4F1A488314A5}.Debug|Any CPU.ActiveCfg = Debug|Any CPU
		{611D56E3-2311-479A-925C-4F1A488314A5}.Debug|Any CPU.Build.0 = Debug|Any CPU
		{611D56E3-2311-479A-925C-4F1A488314A5}.Release|Any CPU.ActiveCfg = Release|Any CPU
		{611D56E3-2311-479A-925C-4F1A488314A5}.Release|Any CPU.Build.0 = Release|Any CPU
		{10C612E2-F723-4707-B657-C03D88751722}.Debug|Any CPU.ActiveCfg = Debug|Any CPU
		{10C612E2-F723-4707-B657-C03D88751722}.Debug|Any CPU.Build.0 = Debug|Any CPU
		{10C612E2-F723-4707-B657-C03D88751722}.Release|Any CPU.ActiveCfg = Release|Any CPU
		{10C612E2-F723-4707-B657-C03D88751722}.Release|Any CPU.Build.0 = Release|Any CPU
		{100445ED-3D45-46DF-9478-46FD174AC33A}.Debug|Any CPU.ActiveCfg = Debug|Any CPU
		{100445ED-3D45-46DF-9478-46FD174AC33A}.Debug|Any CPU.Build.0 = Debug|Any CPU
		{100445ED-3D45-46DF-9478-46FD174AC33A}.Release|Any CPU.ActiveCfg = Release|Any CPU
		{100445ED-3D45-46DF-9478-46FD174AC33A}.Release|Any CPU.Build.0 = Release|Any CPU
	EndGlobalSection
	GlobalSection(SolutionProperties) = preSolution
		HideSolutionNode = FALSE
	EndGlobalSection
	GlobalSection(ExtensibilityGlobals) = postSolution
		SolutionGuid = {78317E38-7BA4-4B34-8C58-CE89A7D1C8FE}
	EndGlobalSection
EndGlobal
