
Microsoft Visual Studio Solution File, Format Version 12.00
# Visual Studio Version 17
VisualStudioVersion = 17.4.33213.308
MinimumVisualStudioVersion = 10.0.40219.1
Project("{FAE04EC0-301F-11D3-BF4B-00C04F79EFBC}") = "Assemblylink", "Assemblylink\Assemblylink.csproj", "{A26F056B-E35B-46EA-974E-FF7A105AAD8E}"
EndProject
Global
	GlobalSection(SolutionConfigurationPlatforms) = preSolution
		Debug|Any CPU = Debug|Any CPU
		Release|Any CPU = Release|Any CPU
	EndGlobalSection
	GlobalSection(ProjectConfigurationPlatforms) = postSolution
		{A26F056B-E35B-46EA-974E-FF7A105AAD8E}.Debug|Any CPU.ActiveCfg = Debug|Any CPU
		{A26F056B-E35B-46EA-974E-FF7A105AAD8E}.Debug|Any CPU.Build.0 = Debug|Any CPU
		{A26F056B-E35B-46EA-974E-FF7A105AAD8E}.Release|Any CPU.ActiveCfg = Release|Any CPU
		{A26F056B-E35B-46EA-974E-FF7A105AAD8E}.Release|Any CPU.Build.0 = Release|Any CPU
	EndGlobalSection
	GlobalSection(SolutionProperties) = preSolution
		HideSolutionNode = FALSE
	EndGlobalSection
	GlobalSection(ExtensibilityGlobals) = postSolution
		SolutionGuid = {6EA34836-CB06-4F76-A41C-39E822A9BC02}
	EndGlobalSection
EndGlobal
